
Microsoft Visual Studio Solution File, Format Version 12.00
# Visual Studio Version 17
VisualStudioVersion = 17.12.35707.178 d17.12
MinimumVisualStudioVersion = 10.0.40219.1
Project("{FAE04EC0-301F-11D3-BF4B-00C04F79EFBC}") = "RMS_Dashboard.API", "RMS_Dashboard.API\RMS_Dashboard.API.csproj", "{E0A996FD-ABFA-4605-AB9F-DE96B38CEB1B}"
EndProject
Project("{FAE04EC0-301F-11D3-BF4B-00C04F79EFBC}") = "RMS_Dashboard.Infrastructure", "RMS_Dashboard.Infrastructure\RMS_Dashboard.Infrastructure.csproj", "{9761549F-8633-4EC8-A17C-EC6D90C3FC27}"
EndProject
Project("{FAE04EC0-301F-11D3-BF4B-00C04F79EFBC}") = "RMS_Dashboard.Core", "RMS_Dashboard.Core\RMS_Dashboard.Core.csproj", "{6B99B27C-5EB2-4B01-9425-EF5E4BF24E92}"
EndProject
Global
	GlobalSection(SolutionConfigurationPlatforms) = preSolution
		Debug|Any CPU = Debug|Any CPU
		Release|Any CPU = Release|Any CPU
	EndGlobalSection
	GlobalSection(ProjectConfigurationPlatforms) = postSolution
		{E0A996FD-ABFA-4605-AB9F-DE96B38CEB1B}.Debug|Any CPU.ActiveCfg = Debug|Any CPU
		{E0A996FD-ABFA-4605-AB9F-DE96B38CEB1B}.Debug|Any CPU.Build.0 = Debug|Any CPU
		{E0A996FD-ABFA-4605-AB9F-DE96B38CEB1B}.Release|Any CPU.ActiveCfg = Release|Any CPU
		{E0A996FD-ABFA-4605-AB9F-DE96B38CEB1B}.Release|Any CPU.Build.0 = Release|Any CPU
		{9761549F-8633-4EC8-A17C-EC6D90C3FC27}.Debug|Any CPU.ActiveCfg = Debug|Any CPU
		{9761549F-8633-4EC8-A17C-EC6D90C3FC27}.Debug|Any CPU.Build.0 = Debug|Any CPU
		{9761549F-8633-4EC8-A17C-EC6D90C3FC27}.Release|Any CPU.ActiveCfg = Release|Any CPU
		{9761549F-8633-4EC8-A17C-EC6D90C3FC27}.Release|Any CPU.Build.0 = Release|Any CPU
		{6B99B27C-5EB2-4B01-9425-EF5E4BF24E92}.Debug|Any CPU.ActiveCfg = Debug|Any CPU
		{6B99B27C-5EB2-4B01-9425-EF5E4BF24E92}.Debug|Any CPU.Build.0 = Debug|Any CPU
		{6B99B27C-5EB2-4B01-9425-EF5E4BF24E92}.Release|Any CPU.ActiveCfg = Release|Any CPU
		{6B99B27C-5EB2-4B01-9425-EF5E4BF24E92}.Release|Any CPU.Build.0 = Release|Any CPU
	EndGlobalSection
	GlobalSection(SolutionProperties) = preSolution
		HideSolutionNode = FALSE
	EndGlobalSection
EndGlobal
